{
  "name": "email-parsed-webhook",
  "version": "1.0.0",
  "lockfileVersion": 3,
  "requires": true,
  "packages": {
    "": {
      "name": "email-parsed-webhook",
      "version": "1.0.0",
      "dependencies": {
        "node-appwrite": "^17.0.0",
        "openai": "^5.0.1",
        "zod": "^3.25.41"
      },
      "devDependencies": {
        "prettier": "^3.2.5"
      }
    },
    "node_modules/node-appwrite": {
      "version": "17.0.0",
      "resolved": "https://registry.npmjs.org/node-appwrite/-/node-appwrite-17.0.0.tgz",
      "integrity": "sha512-5Moi5ENPnoAfU1/6CZP9K2NTuB6Nm3dSyhokno+24RDuP7czjXCdwzfeyjmyHieggbrLkN89AYSOv9W1XkCL9w==",
      "license": "BSD-3-Clause",
      "dependencies": {
        "node-fetch-native-with-agent": "1.7.2"
      }
    },
    "node_modules/node-fetch-native-with-agent": {
      "version": "1.7.2",
      "resolved": "https://registry.npmjs.org/node-fetch-native-with-agent/-/node-fetch-native-with-agent-1.7.2.tgz",
      "integrity": "sha512-5MaOOCuJEvcckoz7/tjdx1M6OusOY6Xc5f459IaruGStWnKzlI1qpNgaAwmn4LmFYcsSlj+jBMk84wmmRxfk5g==",
      "license": "MIT"
    },
    "node_modules/openai": {
      "version": "5.0.1",
      "resolved": "https://registry.npmjs.org/openai/-/openai-5.0.1.tgz",
      "integrity": "sha512-Do6vxhbDv7cXhji/4ct1lrpZYMAOmjYbhyA9LJTuG7OfpbWMpuS+EIXkRT7R+XxpRB1OZhU/op4FU3p3uxU6gw==",
      "license": "Apache-2.0",
      "bin": {
        "openai": "bin/cli"
      },
      "peerDependencies": {
        "ws": "^8.18.0",
        "zod": "^3.23.8"
      },
      "peerDependenciesMeta": {
        "ws": {
          "optional": true
        },
        "zod": {
          "optional": true
        }
      }
    },
    "node_modules/prettier": {
      "version": "3.5.3",
      "resolved": "https://registry.npmjs.org/prettier/-/prettier-3.5.3.tgz",
      "integrity": "sha512-QQtaxnoDJeAkDvDKWCLiwIXkTgRhwYDEQCghU9Z6q03iyek/rxRh/2lC3HB7P8sWT2xC/y5JDctPLBIGzHKbhw==",
      "dev": true,
      "license": "MIT",
      "bin": {
        "prettier": "bin/prettier.cjs"
      },
      "engines": {
        "node": ">=14"
      },
      "funding": {
        "url": "https://github.com/prettier/prettier?sponsor=1"
      }
    },
    "node_modules/zod": {
      "version": "3.25.41",
      "resolved": "https://registry.npmjs.org/zod/-/zod-3.25.41.tgz",
      "integrity": "sha512-8+sDJTGtCYIDBhdqDygp0ffj8kzziRKqAJPhpYObbElJ+3TRe/mnlnwH+/OMa3kKhueS4Drm5UMW00/u1p07zA==",
      "license": "MIT",
      "funding": {
        "url": "https://github.com/sponsors/colinhacks"
      }
    }
  }
}
